
Microsoft Visual Studio Solution File, Format Version 12.00
# Visual Studio 15
VisualStudioVersion = 15.0.28307.1525
MinimumVisualStudioVersion = 10.0.40219.1
Project("{FAE04EC0-301F-11D3-BF4B-00C04F79EFBC}") = "ProxyPattern", "ProxyPattern\ProxyPattern.csproj", "{3E0606CC-9C33-48B2-A4CA-E5C85400905D}"
EndProject
Global
	GlobalSection(SolutionConfigurationPlatforms) = preSolution
		Debug|Any CPU = Debug|Any CPU
		Release|Any CPU = Release|Any CPU
	EndGlobalSection
	GlobalSection(ProjectConfigurationPlatforms) = postSolution
		{3E0606CC-9C33-48B2-A4CA-E5C85400905D}.Debug|Any CPU.ActiveCfg = Debug|Any CPU
		{3E0606CC-9C33-48B2-A4CA-E5C85400905D}.Debug|Any CPU.Build.0 = Debug|Any CPU
		{3E0606CC-9C33-48B2-A4CA-E5C85400905D}.Release|Any CPU.ActiveCfg = Release|Any CPU
		{3E0606CC-9C33-48B2-A4CA-E5C85400905D}.Release|Any CPU.Build.0 = Release|Any CPU
	EndGlobalSection
	GlobalSection(SolutionProperties) = preSolution
		HideSolutionNode = FALSE
	EndGlobalSection
	GlobalSection(ExtensibilityGlobals) = postSolution
		SolutionGuid = {D998277A-270C-4538-95B0-C09B78331CD6}
	EndGlobalSection
EndGlobal
