
Microsoft Visual Studio Solution File, Format Version 12.00
# Visual Studio 15
VisualStudioVersion = 15.0.28307.1525
MinimumVisualStudioVersion = 10.0.40219.1
Project("{FAE04EC0-301F-11D3-BF4B-00C04F79EFBC}") = "AbstractFactoryPattern", "AbstractFactoryPattern\AbstractFactoryPattern.csproj", "{6B7B3E0B-2347-4975-BF23-7A0682D977DA}"
EndProject
Global
	GlobalSection(SolutionConfigurationPlatforms) = preSolution
		Debug|Any CPU = Debug|Any CPU
		Release|Any CPU = Release|Any CPU
	EndGlobalSection
	GlobalSection(ProjectConfigurationPlatforms) = postSolution
		{6B7B3E0B-2347-4975-BF23-7A0682D977DA}.Debug|Any CPU.ActiveCfg = Debug|Any CPU
		{6B7B3E0B-2347-4975-BF23-7A0682D977DA}.Debug|Any CPU.Build.0 = Debug|Any CPU
		{6B7B3E0B-2347-4975-BF23-7A0682D977DA}.Release|Any CPU.ActiveCfg = Release|Any CPU
		{6B7B3E0B-2347-4975-BF23-7A0682D977DA}.Release|Any CPU.Build.0 = Release|Any CPU
	EndGlobalSection
	GlobalSection(SolutionProperties) = preSolution
		HideSolutionNode = FALSE
	EndGlobalSection
	GlobalSection(ExtensibilityGlobals) = postSolution
		SolutionGuid = {503C11CA-4576-47D8-A5DC-F32C8E03D024}
	EndGlobalSection
EndGlobal
